
Microsoft Visual Studio Solution File, Format Version 12.00
# Visual Studio 15
VisualStudioVersion = 15.0.27130.2010
MinimumVisualStudioVersion = 10.0.40219.1
Project("{8BC9CEB8-8B4A-11D0-8D11-00A0C91BC942}") = "NsfwNetNative", "NsfwNetNative\NsfwNetNative.vcxproj", "{E7A38671-CBD8-4840-81F4-22CD8DAD4795}"
EndProject
Project("{9A19103F-16F7-4668-BE54-9A1E7A4F7556}") = "NsfwNET", "NsfwNET\NsfwNET.csproj", "{294848D6-0194-4EB0-905B-97158E77207A}"
EndProject
Project("{FAE04EC0-301F-11D3-BF4B-00C04F79EFBC}") = "ClassifierTest", "ClassifierTest\ClassifierTest.csproj", "{E0A625F9-BD1B-4591-84B3-4DCF1BF61DB4}"
EndProject
Project("{8BC9CEB8-8B4A-11D0-8D11-00A0C91BC942}") = "NativeClassifierTest", "NativeClassifierTest\NativeClassifierTest.vcxproj", "{0B03B540-2B5B-46ED-931D-45FF51B330AD}"
EndProject
Global
	GlobalSection(SolutionConfigurationPlatforms) = preSolution
		Debug|Any CPU = Debug|Any CPU
		Debug|x64 = Debug|x64
		Debug|x86 = Debug|x86
		Release|Any CPU = Release|Any CPU
		Release|x64 = Release|x64
		Release|x86 = Release|x86
	EndGlobalSection
	GlobalSection(ProjectConfigurationPlatforms) = postSolution
		{E7A38671-CBD8-4840-81F4-22CD8DAD4795}.Debug|Any CPU.ActiveCfg = Debug|Win32
		{E7A38671-CBD8-4840-81F4-22CD8DAD4795}.Debug|x64.ActiveCfg = Debug|x64
		{E7A38671-CBD8-4840-81F4-22CD8DAD4795}.Debug|x64.Build.0 = Debug|x64
		{E7A38671-CBD8-4840-81F4-22CD8DAD4795}.Debug|x86.ActiveCfg = Debug|Win32
		{E7A38671-CBD8-4840-81F4-22CD8DAD4795}.Debug|x86.Build.0 = Debug|Win32
		{E7A38671-CBD8-4840-81F4-22CD8DAD4795}.Release|Any CPU.ActiveCfg = Release|Win32
		{E7A38671-CBD8-4840-81F4-22CD8DAD4795}.Release|x64.ActiveCfg = Release|x64
		{E7A38671-CBD8-4840-81F4-22CD8DAD4795}.Release|x64.Build.0 = Release|x64
		{E7A38671-CBD8-4840-81F4-22CD8DAD4795}.Release|x86.ActiveCfg = Release|Win32
		{E7A38671-CBD8-4840-81F4-22CD8DAD4795}.Release|x86.Build.0 = Release|Win32
		{294848D6-0194-4EB0-905B-97158E77207A}.Debug|Any CPU.ActiveCfg = Debug|Any CPU
		{294848D6-0194-4EB0-905B-97158E77207A}.Debug|Any CPU.Build.0 = Debug|Any CPU
		{294848D6-0194-4EB0-905B-97158E77207A}.Debug|x64.ActiveCfg = Debug|Any CPU
		{294848D6-0194-4EB0-905B-97158E77207A}.Debug|x64.Build.0 = Debug|Any CPU
		{294848D6-0194-4EB0-905B-97158E77207A}.Debug|x86.ActiveCfg = Debug|Any CPU
		{294848D6-0194-4EB0-905B-97158E77207A}.Debug|x86.Build.0 = Debug|Any CPU
		{294848D6-0194-4EB0-905B-97158E77207A}.Release|Any CPU.ActiveCfg = Release|Any CPU
		{294848D6-0194-4EB0-905B-97158E77207A}.Release|Any CPU.Build.0 = Release|Any CPU
		{294848D6-0194-4EB0-905B-97158E77207A}.Release|x64.ActiveCfg = Release|Any CPU
		{294848D6-0194-4EB0-905B-97158E77207A}.Release|x64.Build.0 = Release|Any CPU
		{294848D6-0194-4EB0-905B-97158E77207A}.Release|x86.ActiveCfg = Release|Any CPU
		{294848D6-0194-4EB0-905B-97158E77207A}.Release|x86.Build.0 = Release|Any CPU
		{E0A625F9-BD1B-4591-84B3-4DCF1BF61DB4}.Debug|Any CPU.ActiveCfg = Debug|Any CPU
		{E0A625F9-BD1B-4591-84B3-4DCF1BF61DB4}.Debug|Any CPU.Build.0 = Debug|Any CPU
		{E0A625F9-BD1B-4591-84B3-4DCF1BF61DB4}.Debug|x64.ActiveCfg = Debug|Any CPU
		{E0A625F9-BD1B-4591-84B3-4DCF1BF61DB4}.Debug|x64.Build.0 = Debug|Any CPU
		{E0A625F9-BD1B-4591-84B3-4DCF1BF61DB4}.Debug|x86.ActiveCfg = Debug|Any CPU
		{E0A625F9-BD1B-4591-84B3-4DCF1BF61DB4}.Debug|x86.Build.0 = Debug|Any CPU
		{E0A625F9-BD1B-4591-84B3-4DCF1BF61DB4}.Release|Any CPU.ActiveCfg = Release|Any CPU
		{E0A625F9-BD1B-4591-84B3-4DCF1BF61DB4}.Release|Any CPU.Build.0 = Release|Any CPU
		{E0A625F9-BD1B-4591-84B3-4DCF1BF61DB4}.Release|x64.ActiveCfg = Release|Any CPU
		{E0A625F9-BD1B-4591-84B3-4DCF1BF61DB4}.Release|x64.Build.0 = Release|Any CPU
		{E0A625F9-BD1B-4591-84B3-4DCF1BF61DB4}.Release|x86.ActiveCfg = Release|Any CPU
		{E0A625F9-BD1B-4591-84B3-4DCF1BF61DB4}.Release|x86.Build.0 = Release|Any CPU
		{0B03B540-2B5B-46ED-931D-45FF51B330AD}.Debug|Any CPU.ActiveCfg = Debug|Win32
		{0B03B540-2B5B-46ED-931D-45FF51B330AD}.Debug|x64.ActiveCfg = Debug|x64
		{0B03B540-2B5B-46ED-931D-45FF51B330AD}.Debug|x64.Build.0 = Debug|x64
		{0B03B540-2B5B-46ED-931D-45FF51B330AD}.Debug|x86.ActiveCfg = Debug|Win32
		{0B03B540-2B5B-46ED-931D-45FF51B330AD}.Debug|x86.Build.0 = Debug|Win32
		{0B03B540-2B5B-46ED-931D-45FF51B330AD}.Release|Any CPU.ActiveCfg = Release|Win32
		{0B03B540-2B5B-46ED-931D-45FF51B330AD}.Release|x64.ActiveCfg = Release|x64
		{0B03B540-2B5B-46ED-931D-45FF51B330AD}.Release|x64.Build.0 = Release|x64
		{0B03B540-2B5B-46ED-931D-45FF51B330AD}.Release|x86.ActiveCfg = Release|Win32
		{0B03B540-2B5B-46ED-931D-45FF51B330AD}.Release|x86.Build.0 = Release|Win32
	EndGlobalSection
	GlobalSection(SolutionProperties) = preSolution
		HideSolutionNode = FALSE
	EndGlobalSection
	GlobalSection(ExtensibilityGlobals) = postSolution
		SolutionGuid = {C5CA887F-09CC-45E5-9EFD-83BCA646CB7E}
	EndGlobalSection
EndGlobal
